#
# This file is autogenerated by hatch-pip-compile with Python 3.11
#
# - coffea[dask]
# - build
# - pylint
# - pytest-cov>=3
# - pytest>=6
# - tbump>=6.7.0
# - twine
#

annotated-types==0.6.0
    # via pydantic
asteroid==3.1.0
    # via pylint
awkward==2.6.3
    # via
    #   coffea
    #   dask-awkward
    #   uproot
awkward-cpp==32
    # via awkward
backports-tarfile==1.1.1
    # via jaraco-context
bokeh==3.4.1
    # via coffea
boost-histogram==1.4.1
    # via
    #   dask-histogram
    #   hist
build==1.2.1
cachetools==5.3.3
    # via
    #   coffea
    #   dask-awkward
certifi==2024.2.2
    # via requests
charset-normalizer==3.3.2
    # via requests
cli-ui==0.17.2
    # via tbump
click==8.1.7
    # via
    #   dask
    #   distributed
    #   histoprint
cloudpickle==3.0.0
    # via
    #   coffea
    #   dask
    #   distributed
coffea==2024.4.1
colorama==0.4.6
    # via cli-ui
contextlib2==21.6.0
    # via schema
contourpy==1.2.1
    # via
    #   bokeh
    #   matplotlib
correctionlib==2.5.0
    # via coffea
coverage==7.5.0
    # via pytest-cov
cramjam==2.8.3
    # via uproot
cycler==0.12.1
    # via matplotlib
dask==2024.4.2
    # via
    #   coffea
    #   dask-awkward
    #   dask-histogram
    #   distributed
dask-awkward==2024.3.0
    # via coffea
dask-histogram==2024.3.0
    # via coffea
dill==0.3.8
    # via pylint
distributed==2024.4.2
    # via coffea
docopt==0.6.2
    # via tbump
docutils==0.21.2
    # via readme-renderer
fonttools==4.51.0
    # via matplotlib
fsspec==2024.3.1
    # via
    #   awkward
    #   dask
    #   fsspec-xrootd
    #   uproot
fsspec-xrootd==0.3.0
    # via coffea
hist==2.7.2
    # via coffea
histoprint==2.4.0
    # via hist
idna==3.7
    # via requests
importlib-metadata==7.1.0
    # via
    #   awkward
    #   dask
    #   keyring
    #   twine
iniconfig==2.0.0
    # via pytest
isort==5.13.2
    # via pylint
jaraco-classes==3.4.0
    # via keyring
jaraco-context==5.3.0
    # via keyring
jaraco-functools==4.0.1
    # via keyring
jinja2==3.1.3
    # via
    #   bokeh
    #   distributed
keyring==25.2.0
    # via twine
kiwisolver==1.4.5
    # via matplotlib
llvmlite==0.42.0
    # via numba
locket==1.0.0
    # via
    #   distributed
    #   partd
lz4==4.3.3
    # via coffea
markdown-it-py==3.0.0
    # via rich
markupsafe==2.1.5
    # via jinja2
matplotlib==3.8.4
    # via
    #   coffea
    #   mplhep
mccabe==0.7.0
    # via pylint
mdurl==0.1.2
    # via markdown-it-py
more-itertools==10.2.0
    # via
    #   jaraco-classes
    #   jaraco-functools
mplhep==0.3.47
    # via coffea
mplhep-data==0.0.3
    # via mplhep
msgpack==1.0.8
    # via distributed
nh3==0.2.17
    # via readme-renderer
numba==0.59.1
    # via coffea
numpy==1.26.4
    # via
    #   awkward
    #   awkward-cpp
    #   bokeh
    #   boost-histogram
    #   coffea
    #   contourpy
    #   correctionlib
    #   dask
    #   hist
    #   histoprint
    #   matplotlib
    #   mplhep
    #   numba
    #   pandas
    #   pyarrow
    #   scipy
    #   uhi
    #   uproot
packaging==24.0
    # via
    #   awkward
    #   bokeh
    #   build
    #   coffea
    #   correctionlib
    #   dask
    #   distributed
    #   matplotlib
    #   mplhep
    #   pytest
    #   uproot
pandas==2.2.2
    # via
    #   bokeh
    #   coffea
partd==1.4.1
    # via dask
pillow==10.3.0
    # via
    #   bokeh
    #   matplotlib
pkginfo==1.10.0
    # via twine
platformdirs==4.2.1
    # via pylint
pluggy==1.5.0
    # via pytest
psutil==5.9.8
    # via distributed
pyarrow==16.0.0
    # via coffea
pydantic==2.7.1
    # via correctionlib
pydantic-core==2.18.2
    # via pydantic
pygments==2.17.2
    # via
    #   readme-renderer
    #   rich
pylint==3.1.0
pyparsing==3.1.2
    # via matplotlib
pyproject-hooks==1.1.0
    # via build
pytest==8.2.0
    # via pytest-cov
pytest-cov==5.0.0
python-dateutil==2.9.0.post0
    # via
    #   matplotlib
    #   pandas
pytz==2024.1
    # via pandas
pyyaml==6.0.1
    # via
    #   bokeh
    #   dask
    #   distributed
readme-renderer==43.0
    # via twine
requests==2.31.0
    # via
    #   requests-toolbelt
    #   twine
requests-toolbelt==1.0.0
    # via twine
rfc3986==2.0.0
    # via twine
rich==13.7.1
    # via
    #   correctionlib
    #   twine
schema==0.7.5
    # via tbump
scipy==1.13.0
    # via coffea
six==1.16.0
    # via python-dateutil
sortedcontainers==2.4.0
    # via distributed
tabulate==0.8.10
    # via cli-ui
tblib==3.0.0
    # via distributed
tbump==6.11.0
toml==0.10.2
    # via coffea
tomlkit==0.11.8
    # via
    #   pylint
    #   tbump
toolz==0.12.1
    # via
    #   dask
    #   distributed
    #   partd
tornado==6.4
    # via
    #   bokeh
    #   distributed
tqdm==4.66.2
    # via coffea
twine==5.0.0
typing-extensions==4.11.0
    # via
    #   dask-awkward
    #   pydantic
    #   pydantic-core
tzdata==2024.1
    # via pandas
uhi==0.4.0
    # via
    #   histoprint
    #   mplhep
unidecode==1.3.8
    # via cli-ui
uproot==5.3.2
    # via coffea
urllib3==2.2.1
    # via
    #   distributed
    #   requests
    #   twine
xyzservices==2024.4.0
    # via bokeh
zict==3.0.0
    # via distributed
zipp==3.18.1
    # via importlib-metadata
